
Microsoft Visual Studio Solution File, Format Version 12.00
# Visual Studio 15
VisualStudioVersion = 15.0.28010.2036
MinimumVisualStudioVersion = 10.0.40219.1
Project("{FAE04EC0-301F-11D3-BF4B-00C04F79EFBC}") = "BooksApp", "BooksApp\BooksApp.csproj", "{496D2C1F-D705-4E41-8361-88A44ED1B563}"
EndProject
Project("{FAE04EC0-301F-11D3-BF4B-00C04F79EFBC}") = "BooksApp.UnitTests", "BooksApp.UnitTests\BooksApp.UnitTests.csproj", "{C760C31C-E83E-443D-A31D-465201D348D4}"
EndProject
Global
	GlobalSection(SolutionConfigurationPlatforms) = preSolution
		Debug|Any CPU = Debug|Any CPU
		Release|Any CPU = Release|Any CPU
	EndGlobalSection
	GlobalSection(ProjectConfigurationPlatforms) = postSolution
		{496D2C1F-D705-4E41-8361-88A44ED1B563}.Debug|Any CPU.ActiveCfg = Debug|Any CPU
		{496D2C1F-D705-4E41-8361-88A44ED1B563}.Debug|Any CPU.Build.0 = Debug|Any CPU
		{496D2C1F-D705-4E41-8361-88A44ED1B563}.Release|Any CPU.ActiveCfg = Release|Any CPU
		{496D2C1F-D705-4E41-8361-88A44ED1B563}.Release|Any CPU.Build.0 = Release|Any CPU
		{C760C31C-E83E-443D-A31D-465201D348D4}.Debug|Any CPU.ActiveCfg = Debug|Any CPU
		{C760C31C-E83E-443D-A31D-465201D348D4}.Debug|Any CPU.Build.0 = Debug|Any CPU
		{C760C31C-E83E-443D-A31D-465201D348D4}.Release|Any CPU.ActiveCfg = Release|Any CPU
		{C760C31C-E83E-443D-A31D-465201D348D4}.Release|Any CPU.Build.0 = Release|Any CPU
	EndGlobalSection
	GlobalSection(SolutionProperties) = preSolution
		HideSolutionNode = FALSE
	EndGlobalSection
	GlobalSection(ExtensibilityGlobals) = postSolution
		SolutionGuid = {5C10817F-E721-4238-9DC0-E9BE0758BE6E}
	EndGlobalSection
EndGlobal
